{
  "version": 4,
  "terraform_version": "0.15.4",
  "serial": 32,
  "lineage": "3f709ad3-30f2-a715-27d6-00ca3c5884c9",
  "outputs": {},
  "resources": [
    {
      "mode": "data",
      "type": "google_compute_image",
      "name": "boot_image",
      "provider": "provider[\"registry.terraform.io/hashicorp/google\"]",
      "instances": [
        {
          "schema_version": 0,
          "attributes": {
            "archive_size_bytes": 1843252800,
            "creation_timestamp": "2021-05-11T17:29:04.558-07:00",
            "description": "Canonical, Ubuntu, 21.04 Minimal, amd64 hirsute minimal image built on 2021-05-11, supports Shielded VM features",
            "disk_size_gb": 10,
            "family": "ubuntu-minimal-2104",
            "filter": null,
            "id": "projects/ubuntu-os-cloud/global/images/ubuntu-minimal-2104-hirsute-v20210511",
            "image_encryption_key_sha256": "",
            "image_id": "4879661791563915199",
            "label_fingerprint": "42WmSpB8rSM=",
            "labels": {},
            "licenses": [
              "https://www.googleapis.com/compute/v1/projects/ubuntu-os-cloud/global/licenses/ubuntu-minimal-2104"
            ],
            "name": "ubuntu-minimal-2104-hirsute-v20210511",
            "project": "ubuntu-os-cloud",
            "self_link": "https://www.googleapis.com/compute/v1/projects/ubuntu-os-cloud/global/images/ubuntu-minimal-2104-hirsute-v20210511",
            "source_disk": "",
            "source_disk_encryption_key_sha256": "",
            "source_disk_id": "",
            "source_image_id": "",
            "status": "READY"
          },
          "sensitive_attributes": []
        }
      ]
    },
    {
      "mode": "data",
      "type": "google_compute_network",
      "name": "default",
      "provider": "provider[\"registry.terraform.io/hashicorp/google\"]",
      "instances": [
        {
          "schema_version": 0,
          "attributes": {
            "description": "Default network for the project",
            "gateway_ipv4": "",
            "id": "projects/lark-dog/global/networks/default",
            "name": "default",
            "project": null,
            "self_link": "https://www.googleapis.com/compute/v1/projects/lark-dog/global/networks/default",
            "subnetworks_self_links": [
              "https://www.googleapis.com/compute/v1/projects/lark-dog/regions/asia-northeast1/subnetworks/default",
              "https://www.googleapis.com/compute/v1/projects/lark-dog/regions/europe-central2/subnetworks/default",
              "https://www.googleapis.com/compute/v1/projects/lark-dog/regions/asia-south2/subnetworks/default",
              "https://www.googleapis.com/compute/v1/projects/lark-dog/regions/us-west2/subnetworks/default",
              "https://www.googleapis.com/compute/v1/projects/lark-dog/regions/australia-southeast1/subnetworks/default",
              "https://www.googleapis.com/compute/v1/projects/lark-dog/regions/europe-north1/subnetworks/default",
              "https://www.googleapis.com/compute/v1/projects/lark-dog/regions/australia-southeast2/subnetworks/default",
              "https://www.googleapis.com/compute/v1/projects/lark-dog/regions/asia-northeast3/subnetworks/default",
              "https://www.googleapis.com/compute/v1/projects/lark-dog/regions/europe-west1/subnetworks/default",
              "https://www.googleapis.com/compute/v1/projects/lark-dog/regions/us-east4/subnetworks/default",
              "https://www.googleapis.com/compute/v1/projects/lark-dog/regions/asia-south1/subnetworks/default",
              "https://www.googleapis.com/compute/v1/projects/lark-dog/regions/asia-east1/subnetworks/default",
              "https://www.googleapis.com/compute/v1/projects/lark-dog/regions/us-west3/subnetworks/default",
              "https://www.googleapis.com/compute/v1/projects/lark-dog/regions/us-west1/subnetworks/default",
              "https://www.googleapis.com/compute/v1/projects/lark-dog/regions/us-central1/subnetworks/default",
              "https://www.googleapis.com/compute/v1/projects/lark-dog/regions/europe-west2/subnetworks/default",
              "https://www.googleapis.com/compute/v1/projects/lark-dog/regions/europe-west6/subnetworks/default",
              "https://www.googleapis.com/compute/v1/projects/lark-dog/regions/us-west4/subnetworks/default",
              "https://www.googleapis.com/compute/v1/projects/lark-dog/regions/europe-west4/subnetworks/default",
              "https://www.googleapis.com/compute/v1/projects/lark-dog/regions/europe-west3/subnetworks/default",
              "https://www.googleapis.com/compute/v1/projects/lark-dog/regions/southamerica-east1/subnetworks/default",
              "https://www.googleapis.com/compute/v1/projects/lark-dog/regions/asia-southeast1/subnetworks/default",
              "https://www.googleapis.com/compute/v1/projects/lark-dog/regions/northamerica-northeast1/subnetworks/default",
              "https://www.googleapis.com/compute/v1/projects/lark-dog/regions/asia-northeast2/subnetworks/default",
              "https://www.googleapis.com/compute/v1/projects/lark-dog/regions/asia-southeast2/subnetworks/default",
              "https://www.googleapis.com/compute/v1/projects/lark-dog/regions/asia-east2/subnetworks/default",
              "https://www.googleapis.com/compute/v1/projects/lark-dog/regions/us-east1/subnetworks/default"
            ]
          },
          "sensitive_attributes": []
        }
      ]
    },
    {
      "mode": "managed",
      "type": "google_compute_address",
      "name": "ipv4",
      "provider": "provider[\"registry.terraform.io/hashicorp/google\"]",
      "instances": [
        {
          "schema_version": 0,
          "attributes": {
            "address": "35.239.9.118",
            "address_type": "EXTERNAL",
            "creation_timestamp": "2021-05-23T18:25:39.426-07:00",
            "description": "",
            "id": "projects/lark-dog/regions/us-central1/addresses/web-server-ip",
            "name": "web-server-ip",
            "network_tier": "PREMIUM",
            "project": "lark-dog",
            "purpose": "",
            "region": "us-central1",
            "self_link": "https://www.googleapis.com/compute/v1/projects/lark-dog/regions/us-central1/addresses/web-server-ip",
            "subnetwork": "",
            "timeouts": null,
            "users": []
          },
          "sensitive_attributes": [],
          "private": "eyJlMmJmYjczMC1lY2FhLTExZTYtOGY4OC0zNDM2M2JjN2M0YzAiOnsiY3JlYXRlIjoyNDAwMDAwMDAwMDAsImRlbGV0ZSI6MjQwMDAwMDAwMDAwfX0="
        }
      ]
    },
    {
      "mode": "managed",
      "type": "google_compute_firewall",
      "name": "allow_web",
      "provider": "provider[\"registry.terraform.io/hashicorp/google\"]",
      "instances": [
        {
          "schema_version": 1,
          "attributes": {
            "allow": [
              {
                "ports": [
                  "80",
                  "443"
                ],
                "protocol": "tcp"
              }
            ],
            "creation_timestamp": "2021-05-23T18:25:39.141-07:00",
            "deny": [],
            "description": "",
            "destination_ranges": [],
            "direction": "INGRESS",
            "disabled": false,
            "enable_logging": null,
            "id": "projects/lark-dog/global/firewalls/allow-web",
            "log_config": [],
            "name": "allow-web",
            "network": "https://www.googleapis.com/compute/v1/projects/lark-dog/global/networks/default",
            "priority": 1000,
            "project": "lark-dog",
            "self_link": "https://www.googleapis.com/compute/v1/projects/lark-dog/global/firewalls/allow-web",
            "source_ranges": [
              "0.0.0.0/0"
            ],
            "source_service_accounts": [],
            "source_tags": [],
            "target_service_accounts": [],
            "target_tags": [
              "allow-web"
            ],
            "timeouts": null
          },
          "sensitive_attributes": [],
          "private": "eyJlMmJmYjczMC1lY2FhLTExZTYtOGY4OC0zNDM2M2JjN2M0YzAiOnsiY3JlYXRlIjoyNDAwMDAwMDAwMDAsImRlbGV0ZSI6MjQwMDAwMDAwMDAwLCJ1cGRhdGUiOjI0MDAwMDAwMDAwMH0sInNjaGVtYV92ZXJzaW9uIjoiMSJ9",
          "dependencies": [
            "data.google_compute_network.default"
          ]
        }
      ]
    },
    {
      "mode": "managed",
      "type": "google_compute_resource_policy",
      "name": "sleep_nightly",
      "provider": "provider[\"registry.terraform.io/hashicorp/google\"]",
      "instances": [
        {
          "schema_version": 0,
          "attributes": {
            "description": "",
            "group_placement_policy": [],
            "id": "projects/lark-dog/regions/us-central1/resourcePolicies/sleep-nightly",
            "instance_schedule_policy": [
              {
                "expiration_time": "",
                "start_time": "",
                "time_zone": "America/Los_Angeles",
                "vm_start_schedule": [
                  {
                    "schedule": "0 8 * * *"
                  }
                ],
                "vm_stop_schedule": [
                  {
                    "schedule": "0 22 * * *"
                  }
                ]
              }
            ],
            "name": "sleep-nightly",
            "project": "lark-dog",
            "region": "https://www.googleapis.com/compute/v1/projects/lark-dog/regions/us-central1",
            "self_link": "https://www.googleapis.com/compute/v1/projects/lark-dog/regions/us-central1/resourcePolicies/sleep-nightly",
            "snapshot_schedule_policy": [],
            "timeouts": null
          },
          "sensitive_attributes": [],
          "private": "eyJlMmJmYjczMC1lY2FhLTExZTYtOGY4OC0zNDM2M2JjN2M0YzAiOnsiY3JlYXRlIjoyNDAwMDAwMDAwMDAsImRlbGV0ZSI6MjQwMDAwMDAwMDAwfX0="
        }
      ]
    },
    {
      "mode": "managed",
      "type": "namecheap_record",
      "name": "caa_record",
      "provider": "provider[\"registry.terraform.io/robgmills/namecheap\"]",
      "instances": [
        {
          "schema_version": 0,
          "attributes": {
            "address": "0 issue \"letsencrypt.org\"",
            "domain": "lark.dog",
            "hostname": "@.lark.dog",
            "id": "3616854419",
            "mx_pref": 10,
            "name": "@",
            "timeouts": null,
            "ttl": 1799,
            "type": "CAA"
          },
          "sensitive_attributes": [],
          "private": "eyJlMmJmYjczMC1lY2FhLTExZTYtOGY4OC0zNDM2M2JjN2M0YzAiOnsiY3JlYXRlIjozMDAwMDAwMDAwMCwiZGVsZXRlIjozMDAwMDAwMDAwMCwicmVhZCI6MzAwMDAwMDAwMDAsInVwZGF0ZSI6MzAwMDAwMDAwMDB9fQ=="
        }
      ]
    },
    {
      "mode": "managed",
      "type": "namecheap_record",
      "name": "ipv4_record",
      "provider": "provider[\"registry.terraform.io/robgmills/namecheap\"]",
      "instances": [
        {
          "schema_version": 0,
          "attributes": {
            "address": "35.239.9.118",
            "domain": "lark.dog",
            "hostname": "@.lark.dog",
            "id": "3086351533",
            "mx_pref": 10,
            "name": "@",
            "timeouts": null,
            "ttl": 1799,
            "type": "A"
          },
          "sensitive_attributes": [],
          "private": "eyJlMmJmYjczMC1lY2FhLTExZTYtOGY4OC0zNDM2M2JjN2M0YzAiOnsiY3JlYXRlIjozMDAwMDAwMDAwMCwiZGVsZXRlIjozMDAwMDAwMDAwMCwicmVhZCI6MzAwMDAwMDAwMDAsInVwZGF0ZSI6MzAwMDAwMDAwMDB9fQ==",
          "dependencies": [
            "google_compute_address.ipv4"
          ]
        }
      ]
    }
  ]
}
