{
  "version": 4,
  "terraform_version": "1.1.3",
  "serial": 87,
  "lineage": "3f709ad3-30f2-a715-27d6-00ca3c5884c9",
  "outputs": {},
  "resources": [
    {
      "mode": "data",
      "type": "google_compute_image",
      "name": "boot_image",
      "provider": "provider[\"registry.terraform.io/hashicorp/google\"]",
      "instances": [
        {
          "schema_version": 0,
          "attributes": {
            "archive_size_bytes": 1927018752,
            "creation_timestamp": "2022-01-05T04:20:50.325-08:00",
            "description": "Canonical, Ubuntu, 21.10 Minimal, amd64 impish minimal image built on 2022-01-05, supports Shielded VM features",
            "disk_size_gb": 10,
            "family": "ubuntu-minimal-2110",
            "filter": null,
            "id": "projects/ubuntu-os-cloud/global/images/ubuntu-minimal-2110-impish-v20220105",
            "image_encryption_key_sha256": "",
            "image_id": "5186463833957872589",
            "label_fingerprint": "42WmSpB8rSM=",
            "labels": {},
            "licenses": [
              "https://www.googleapis.com/compute/v1/projects/ubuntu-os-cloud/global/licenses/ubuntu-minimal-2110"
            ],
            "name": "ubuntu-minimal-2110-impish-v20220105",
            "project": "ubuntu-os-cloud",
            "self_link": "https://www.googleapis.com/compute/v1/projects/ubuntu-os-cloud/global/images/ubuntu-minimal-2110-impish-v20220105",
            "source_disk": "",
            "source_disk_encryption_key_sha256": "",
            "source_disk_id": "",
            "source_image_id": "",
            "status": "READY"
          },
          "sensitive_attributes": []
        }
      ]
    },
    {
      "mode": "data",
      "type": "google_compute_network",
      "name": "default",
      "provider": "provider[\"registry.terraform.io/hashicorp/google\"]",
      "instances": [
        {
          "schema_version": 0,
          "attributes": {
            "description": "Default network for the project",
            "gateway_ipv4": "",
            "id": "projects/lark-dog/global/networks/default",
            "name": "default",
            "project": null,
            "self_link": "https://www.googleapis.com/compute/v1/projects/lark-dog/global/networks/default",
            "subnetworks_self_links": [
              "https://www.googleapis.com/compute/v1/projects/lark-dog/regions/northamerica-northeast2/subnetworks/default",
              "https://www.googleapis.com/compute/v1/projects/lark-dog/regions/asia-northeast1/subnetworks/default",
              "https://www.googleapis.com/compute/v1/projects/lark-dog/regions/europe-central2/subnetworks/default",
              "https://www.googleapis.com/compute/v1/projects/lark-dog/regions/asia-south2/subnetworks/default",
              "https://www.googleapis.com/compute/v1/projects/lark-dog/regions/us-west2/subnetworks/default",
              "https://www.googleapis.com/compute/v1/projects/lark-dog/regions/australia-southeast1/subnetworks/default",
              "https://www.googleapis.com/compute/v1/projects/lark-dog/regions/europe-north1/subnetworks/default",
              "https://www.googleapis.com/compute/v1/projects/lark-dog/regions/australia-southeast2/subnetworks/default",
              "https://www.googleapis.com/compute/v1/projects/lark-dog/regions/asia-northeast3/subnetworks/default",
              "https://www.googleapis.com/compute/v1/projects/lark-dog/regions/europe-west1/subnetworks/default",
              "https://www.googleapis.com/compute/v1/projects/lark-dog/regions/us-east4/subnetworks/default",
              "https://www.googleapis.com/compute/v1/projects/lark-dog/regions/asia-south1/subnetworks/default",
              "https://www.googleapis.com/compute/v1/projects/lark-dog/regions/asia-east1/subnetworks/default",
              "https://www.googleapis.com/compute/v1/projects/lark-dog/regions/us-west3/subnetworks/default",
              "https://www.googleapis.com/compute/v1/projects/lark-dog/regions/us-west1/subnetworks/default",
              "https://www.googleapis.com/compute/v1/projects/lark-dog/regions/southamerica-west1/subnetworks/default",
              "https://www.googleapis.com/compute/v1/projects/lark-dog/regions/us-central1/subnetworks/default",
              "https://www.googleapis.com/compute/v1/projects/lark-dog/regions/europe-west2/subnetworks/default",
              "https://www.googleapis.com/compute/v1/projects/lark-dog/regions/europe-west6/subnetworks/default",
              "https://www.googleapis.com/compute/v1/projects/lark-dog/regions/us-west4/subnetworks/default",
              "https://www.googleapis.com/compute/v1/projects/lark-dog/regions/europe-west4/subnetworks/default",
              "https://www.googleapis.com/compute/v1/projects/lark-dog/regions/europe-west3/subnetworks/default",
              "https://www.googleapis.com/compute/v1/projects/lark-dog/regions/southamerica-east1/subnetworks/default",
              "https://www.googleapis.com/compute/v1/projects/lark-dog/regions/asia-southeast1/subnetworks/default",
              "https://www.googleapis.com/compute/v1/projects/lark-dog/regions/northamerica-northeast1/subnetworks/default",
              "https://www.googleapis.com/compute/v1/projects/lark-dog/regions/asia-northeast2/subnetworks/default",
              "https://www.googleapis.com/compute/v1/projects/lark-dog/regions/asia-southeast2/subnetworks/default",
              "https://www.googleapis.com/compute/v1/projects/lark-dog/regions/asia-east2/subnetworks/default",
              "https://www.googleapis.com/compute/v1/projects/lark-dog/regions/us-east1/subnetworks/default"
            ]
          },
          "sensitive_attributes": []
        }
      ]
    },
    {
      "mode": "managed",
      "type": "google_compute_address",
      "name": "ipv4",
      "provider": "provider[\"registry.terraform.io/hashicorp/google\"]",
      "instances": [
        {
          "schema_version": 0,
          "attributes": {
            "address": "34.127.92.187",
            "address_type": "EXTERNAL",
            "creation_timestamp": "2021-10-03T14:18:26.889-07:00",
            "description": "",
            "id": "projects/lark-dog/regions/us-west1/addresses/web-server-ip",
            "name": "web-server-ip",
            "network": "",
            "network_tier": "PREMIUM",
            "prefix_length": 0,
            "project": "lark-dog",
            "purpose": "",
            "region": "us-west1",
            "self_link": "https://www.googleapis.com/compute/v1/projects/lark-dog/regions/us-west1/addresses/web-server-ip",
            "subnetwork": "",
            "timeouts": null,
            "users": [
              "https://www.googleapis.com/compute/v1/projects/lark-dog/zones/us-west1-b/instances/web-server"
            ]
          },
          "sensitive_attributes": [],
          "private": "eyJlMmJmYjczMC1lY2FhLTExZTYtOGY4OC0zNDM2M2JjN2M0YzAiOnsiY3JlYXRlIjoyNDAwMDAwMDAwMDAsImRlbGV0ZSI6MjQwMDAwMDAwMDAwfX0="
        }
      ]
    },
    {
      "mode": "managed",
      "type": "google_compute_disk",
      "name": "photos",
      "provider": "provider[\"registry.terraform.io/hashicorp/google\"]",
      "instances": [
        {
          "schema_version": 0,
          "attributes": {
            "creation_timestamp": "2021-10-03T13:56:50.400-07:00",
            "description": "",
            "disk_encryption_key": [],
            "id": "projects/lark-dog/zones/us-west1-b/disks/photos",
            "image": "",
            "label_fingerprint": "42WmSpB8rSM=",
            "labels": {},
            "last_attach_timestamp": "2022-01-08T20:34:57.967-08:00",
            "last_detach_timestamp": "2022-01-08T20:34:52.412-08:00",
            "name": "photos",
            "physical_block_size_bytes": 4096,
            "project": "lark-dog",
            "provisioned_iops": 0,
            "self_link": "https://www.googleapis.com/compute/v1/projects/lark-dog/zones/us-west1-b/disks/photos",
            "size": 10,
            "snapshot": "https://www.googleapis.com/compute/v1/projects/lark-dog/global/snapshots/snapshot-1",
            "source_image_encryption_key": [],
            "source_image_id": "",
            "source_snapshot_encryption_key": [],
            "source_snapshot_id": "861171371617004394",
            "timeouts": {
              "create": null,
              "delete": null,
              "update": null
            },
            "type": "pd-standard",
            "users": [
              "https://www.googleapis.com/compute/v1/projects/lark-dog/zones/us-west1-b/instances/web-server"
            ],
            "zone": "us-west1-b"
          },
          "sensitive_attributes": [],
          "private": "eyJlMmJmYjczMC1lY2FhLTExZTYtOGY4OC0zNDM2M2JjN2M0YzAiOnsiY3JlYXRlIjozMDAwMDAwMDAwMDAsImRlbGV0ZSI6MjQwMDAwMDAwMDAwLCJ1cGRhdGUiOjI0MDAwMDAwMDAwMH0sInNjaGVtYV92ZXJzaW9uIjoiMCJ9"
        }
      ]
    },
    {
      "mode": "managed",
      "type": "google_compute_firewall",
      "name": "allow_web",
      "provider": "provider[\"registry.terraform.io/hashicorp/google\"]",
      "instances": [
        {
          "schema_version": 1,
          "attributes": {
            "allow": [
              {
                "ports": [
                  "80",
                  "443"
                ],
                "protocol": "tcp"
              }
            ],
            "creation_timestamp": "2021-05-23T18:25:39.141-07:00",
            "deny": [],
            "description": "",
            "destination_ranges": [],
            "direction": "INGRESS",
            "disabled": false,
            "enable_logging": null,
            "id": "projects/lark-dog/global/firewalls/allow-web",
            "log_config": [],
            "name": "allow-web",
            "network": "https://www.googleapis.com/compute/v1/projects/lark-dog/global/networks/default",
            "priority": 1000,
            "project": "lark-dog",
            "self_link": "https://www.googleapis.com/compute/v1/projects/lark-dog/global/firewalls/allow-web",
            "source_ranges": [
              "0.0.0.0/0"
            ],
            "source_service_accounts": [],
            "source_tags": [],
            "target_service_accounts": [],
            "target_tags": [
              "allow-web"
            ],
            "timeouts": null
          },
          "sensitive_attributes": [],
          "private": "eyJlMmJmYjczMC1lY2FhLTExZTYtOGY4OC0zNDM2M2JjN2M0YzAiOnsiY3JlYXRlIjoyNDAwMDAwMDAwMDAsImRlbGV0ZSI6MjQwMDAwMDAwMDAwLCJ1cGRhdGUiOjI0MDAwMDAwMDAwMH0sInNjaGVtYV92ZXJzaW9uIjoiMSJ9",
          "dependencies": [
            "data.google_compute_network.default"
          ]
        }
      ]
    },
    {
      "mode": "managed",
      "type": "google_compute_instance",
      "name": "web_server",
      "provider": "provider[\"registry.terraform.io/hashicorp/google\"]",
      "instances": [
        {
          "schema_version": 6,
          "attributes": {
            "advanced_machine_features": [],
            "allow_stopping_for_update": null,
            "attached_disk": [
              {
                "device_name": "photos",
                "disk_encryption_key_raw": "",
                "disk_encryption_key_sha256": "",
                "kms_key_self_link": "",
                "mode": "READ_WRITE",
                "source": "https://www.googleapis.com/compute/v1/projects/lark-dog/zones/us-west1-b/disks/photos"
              }
            ],
            "boot_disk": [
              {
                "auto_delete": true,
                "device_name": "persistent-disk-0",
                "disk_encryption_key_raw": "",
                "disk_encryption_key_sha256": "",
                "initialize_params": [
                  {
                    "image": "https://www.googleapis.com/compute/v1/projects/ubuntu-os-cloud/global/images/ubuntu-minimal-2110-impish-v20220105",
                    "labels": {},
                    "size": 10,
                    "type": "pd-balanced"
                  }
                ],
                "kms_key_self_link": "",
                "mode": "READ_WRITE",
                "source": "https://www.googleapis.com/compute/v1/projects/lark-dog/zones/us-west1-b/disks/web-server"
              }
            ],
            "can_ip_forward": false,
            "confidential_instance_config": [],
            "cpu_platform": "Intel Broadwell",
            "current_status": "RUNNING",
            "deletion_protection": false,
            "description": "",
            "desired_status": null,
            "enable_display": false,
            "guest_accelerator": [],
            "hostname": "",
            "id": "projects/lark-dog/zones/us-west1-b/instances/web-server",
            "instance_id": "3363311703557659422",
            "label_fingerprint": "42WmSpB8rSM=",
            "labels": {},
            "machine_type": "e2-micro",
            "metadata": {
              "startup-script": "#!/bin/bash\nset -euxo pipefail\n\n# google_compute_disk resource name\nDISK_NAME=photos\n\n# local filesystem mount point\nMNT_DIR=/home/ben/originals\n\n# if the mount point already exist, do nothing\nif [[ -d \"$MNT_DIR\" ]]; then\n        exit\nelse\n        # create the mount point and manually mount the persistent disk\n        mkdir -p $MNT_DIR\n        sudo mount -o discard,defaults /dev/disk/by-id/google-$DISK_NAME $MNT_DIR\n\n        # change ownership so photoprism can read/write\n        sudo chown ben:ben $MNT_DIR\n\n        # add fstab entry for auto mount on boot\n        echo UUID=`sudo blkid -s UUID -o value /dev/disk/by-id/google-$DISK_NAME` $MNT_DIR ext4 discard,defaults,nofail 0 2 | sudo tee -a /etc/fstab\nfi\n",
              "user-data": "#cloud-config\n\n# install Docker and Docker Compose\napt:\n  sources:\n    docker.list:\n      source: deb [arch=amd64] https://download.docker.com/linux/ubuntu $RELEASE stable\n      keyid: 9DC858229FC7DD38854AE2D88D81803C0EBFCD88\n\npackage_upgrade: true\n\npackages:\n - docker-ce\n - docker-ce-cli\n - docker-compose\n\n# create default user for running docker\nusers:\n  - name: ben\n    groups: docker\n    shell: /bin/bash\n\ngroups:\n  - docker: ben\n"
            },
            "metadata_fingerprint": "Fbi2BKL8WYE=",
            "metadata_startup_script": null,
            "min_cpu_platform": "",
            "name": "web-server",
            "network_interface": [
              {
                "access_config": [
                  {
                    "nat_ip": "34.127.92.187",
                    "network_tier": "PREMIUM",
                    "public_ptr_domain_name": ""
                  }
                ],
                "alias_ip_range": [],
                "ipv6_access_config": [],
                "ipv6_access_type": "",
                "name": "nic0",
                "network": "https://www.googleapis.com/compute/v1/projects/lark-dog/global/networks/default",
                "network_ip": "10.138.0.4",
                "nic_type": "",
                "queue_count": 0,
                "stack_type": "IPV4_ONLY",
                "subnetwork": "https://www.googleapis.com/compute/v1/projects/lark-dog/regions/us-west1/subnetworks/default",
                "subnetwork_project": "lark-dog"
              }
            ],
            "project": "lark-dog",
            "reservation_affinity": [],
            "resource_policies": [
              "https://www.googleapis.com/compute/v1/projects/lark-dog/regions/us-west1/resourcePolicies/sleep-nightly"
            ],
            "scheduling": [
              {
                "automatic_restart": true,
                "min_node_cpus": 0,
                "node_affinities": [],
                "on_host_maintenance": "MIGRATE",
                "preemptible": false
              }
            ],
            "scratch_disk": [],
            "self_link": "https://www.googleapis.com/compute/v1/projects/lark-dog/zones/us-west1-b/instances/web-server",
            "service_account": [
              {
                "email": "1080317470749-compute@developer.gserviceaccount.com",
                "scopes": [
                  "https://www.googleapis.com/auth/devstorage.read_only"
                ]
              }
            ],
            "shielded_instance_config": [
              {
                "enable_integrity_monitoring": true,
                "enable_secure_boot": false,
                "enable_vtpm": true
              }
            ],
            "tags": [
              "allow-web"
            ],
            "tags_fingerprint": "nYbQHqFxH8k=",
            "timeouts": null,
            "zone": "us-west1-b"
          },
          "sensitive_attributes": [],
          "private": "eyJlMmJmYjczMC1lY2FhLTExZTYtOGY4OC0zNDM2M2JjN2M0YzAiOnsiY3JlYXRlIjoxMjAwMDAwMDAwMDAwLCJkZWxldGUiOjEyMDAwMDAwMDAwMDAsInVwZGF0ZSI6MTIwMDAwMDAwMDAwMH0sInNjaGVtYV92ZXJzaW9uIjoiNiJ9",
          "dependencies": [
            "data.google_compute_image.boot_image",
            "data.google_compute_network.default",
            "google_compute_address.ipv4",
            "google_compute_disk.photos",
            "google_compute_firewall.allow_web",
            "google_compute_resource_policy.sleep_nightly"
          ]
        }
      ]
    },
    {
      "mode": "managed",
      "type": "google_compute_resource_policy",
      "name": "sleep_nightly",
      "provider": "provider[\"registry.terraform.io/hashicorp/google\"]",
      "instances": [
        {
          "schema_version": 0,
          "attributes": {
            "description": "",
            "group_placement_policy": [],
            "id": "projects/lark-dog/regions/us-west1/resourcePolicies/sleep-nightly",
            "instance_schedule_policy": [
              {
                "expiration_time": "",
                "start_time": "",
                "time_zone": "America/Los_Angeles",
                "vm_start_schedule": [
                  {
                    "schedule": "0 8 * * *"
                  }
                ],
                "vm_stop_schedule": [
                  {
                    "schedule": "0 22 * * *"
                  }
                ]
              }
            ],
            "name": "sleep-nightly",
            "project": "lark-dog",
            "region": "https://www.googleapis.com/compute/v1/projects/lark-dog/regions/us-west1",
            "self_link": "https://www.googleapis.com/compute/v1/projects/lark-dog/regions/us-west1/resourcePolicies/sleep-nightly",
            "snapshot_schedule_policy": [],
            "timeouts": null
          },
          "sensitive_attributes": [],
          "private": "eyJlMmJmYjczMC1lY2FhLTExZTYtOGY4OC0zNDM2M2JjN2M0YzAiOnsiY3JlYXRlIjoyNDAwMDAwMDAwMDAsImRlbGV0ZSI6MjQwMDAwMDAwMDAwfX0="
        }
      ]
    },
    {
      "mode": "managed",
      "type": "namecheap_record",
      "name": "caa_record",
      "provider": "provider[\"registry.terraform.io/robgmills/namecheap\"]",
      "instances": [
        {
          "schema_version": 0,
          "attributes": {
            "address": "0 issue \"letsencrypt.org\"",
            "domain": "lark.dog",
            "hostname": "@.lark.dog",
            "id": "3616854419",
            "mx_pref": 10,
            "name": "@",
            "timeouts": null,
            "ttl": 1799,
            "type": "CAA"
          },
          "sensitive_attributes": [],
          "private": "eyJlMmJmYjczMC1lY2FhLTExZTYtOGY4OC0zNDM2M2JjN2M0YzAiOnsiY3JlYXRlIjozMDAwMDAwMDAwMCwiZGVsZXRlIjozMDAwMDAwMDAwMCwicmVhZCI6MzAwMDAwMDAwMDAsInVwZGF0ZSI6MzAwMDAwMDAwMDB9fQ=="
        }
      ]
    },
    {
      "mode": "managed",
      "type": "namecheap_record",
      "name": "ipv4_record",
      "provider": "provider[\"registry.terraform.io/robgmills/namecheap\"]",
      "instances": [
        {
          "schema_version": 0,
          "attributes": {
            "address": "34.127.92.187",
            "domain": "lark.dog",
            "hostname": "@.lark.dog",
            "id": "493268092",
            "mx_pref": 10,
            "name": "@",
            "timeouts": null,
            "ttl": 1799,
            "type": "A"
          },
          "sensitive_attributes": [],
          "private": "eyJlMmJmYjczMC1lY2FhLTExZTYtOGY4OC0zNDM2M2JjN2M0YzAiOnsiY3JlYXRlIjozMDAwMDAwMDAwMCwiZGVsZXRlIjozMDAwMDAwMDAwMCwicmVhZCI6MzAwMDAwMDAwMDAsInVwZGF0ZSI6MzAwMDAwMDAwMDB9fQ==",
          "dependencies": [
            "google_compute_address.ipv4"
          ]
        }
      ]
    }
  ]
}
