{
  "version": 4,
  "terraform_version": "1.1.9",
  "serial": 113,
  "lineage": "3f709ad3-30f2-a715-27d6-00ca3c5884c9",
  "outputs": {},
  "resources": [
    {
      "mode": "data",
      "type": "google_compute_image",
      "name": "boot_image",
      "provider": "provider[\"registry.terraform.io/hashicorp/google\"]",
      "instances": [
        {
          "schema_version": 0,
          "attributes": {
            "archive_size_bytes": 2165043840,
            "creation_timestamp": "2022-09-02T17:28:52.063-07:00",
            "description": "Canonical, Ubuntu, 22.04 LTS Minimal, amd64 jammy minimal image built on 2022-09-02, supports Shielded VM features",
            "disk_size_gb": 10,
            "family": "ubuntu-minimal-2204-lts",
            "filter": null,
            "id": "projects/ubuntu-os-cloud/global/images/ubuntu-minimal-2204-jammy-v20220902",
            "image_encryption_key_sha256": "",
            "image_id": "9115332318095941932",
            "label_fingerprint": "42WmSpB8rSM=",
            "labels": {},
            "licenses": [
              "https://www.googleapis.com/compute/v1/projects/ubuntu-os-cloud/global/licenses/ubuntu-minimal-2204-lts"
            ],
            "name": "ubuntu-minimal-2204-jammy-v20220902",
            "project": "ubuntu-os-cloud",
            "self_link": "https://www.googleapis.com/compute/v1/projects/ubuntu-os-cloud/global/images/ubuntu-minimal-2204-jammy-v20220902",
            "source_disk": "",
            "source_disk_encryption_key_sha256": "",
            "source_disk_id": "",
            "source_image_id": "",
            "status": "READY"
          },
          "sensitive_attributes": []
        }
      ]
    },
    {
      "mode": "data",
      "type": "google_compute_network",
      "name": "default",
      "provider": "provider[\"registry.terraform.io/hashicorp/google\"]",
      "instances": [
        {
          "schema_version": 0,
          "attributes": {
            "description": "Default network for the project",
            "gateway_ipv4": "",
            "id": "projects/lark-dog/global/networks/default",
            "name": "default",
            "project": null,
            "self_link": "https://www.googleapis.com/compute/v1/projects/lark-dog/global/networks/default",
            "subnetworks_self_links": [
              "https://www.googleapis.com/compute/v1/projects/lark-dog/regions/europe-west9/subnetworks/default",
              "https://www.googleapis.com/compute/v1/projects/lark-dog/regions/northamerica-northeast2/subnetworks/default",
              "https://www.googleapis.com/compute/v1/projects/lark-dog/regions/asia-northeast1/subnetworks/default",
              "https://www.googleapis.com/compute/v1/projects/lark-dog/regions/europe-central2/subnetworks/default",
              "https://www.googleapis.com/compute/v1/projects/lark-dog/regions/asia-south2/subnetworks/default",
              "https://www.googleapis.com/compute/v1/projects/lark-dog/regions/us-west2/subnetworks/default",
              "https://www.googleapis.com/compute/v1/projects/lark-dog/regions/australia-southeast1/subnetworks/default",
              "https://www.googleapis.com/compute/v1/projects/lark-dog/regions/europe-southwest1/subnetworks/default",
              "https://www.googleapis.com/compute/v1/projects/lark-dog/regions/europe-north1/subnetworks/default",
              "https://www.googleapis.com/compute/v1/projects/lark-dog/regions/australia-southeast2/subnetworks/default",
              "https://www.googleapis.com/compute/v1/projects/lark-dog/regions/us-east5/subnetworks/default",
              "https://www.googleapis.com/compute/v1/projects/lark-dog/regions/asia-northeast3/subnetworks/default",
              "https://www.googleapis.com/compute/v1/projects/lark-dog/regions/europe-west1/subnetworks/default",
              "https://www.googleapis.com/compute/v1/projects/lark-dog/regions/us-east7/subnetworks/default",
              "https://www.googleapis.com/compute/v1/projects/lark-dog/regions/us-east4/subnetworks/default",
              "https://www.googleapis.com/compute/v1/projects/lark-dog/regions/asia-south1/subnetworks/default",
              "https://www.googleapis.com/compute/v1/projects/lark-dog/regions/asia-east1/subnetworks/default",
              "https://www.googleapis.com/compute/v1/projects/lark-dog/regions/us-west3/subnetworks/default",
              "https://www.googleapis.com/compute/v1/projects/lark-dog/regions/us-west1/subnetworks/default",
              "https://www.googleapis.com/compute/v1/projects/lark-dog/regions/southamerica-west1/subnetworks/default",
              "https://www.googleapis.com/compute/v1/projects/lark-dog/regions/us-central1/subnetworks/default",
              "https://www.googleapis.com/compute/v1/projects/lark-dog/regions/europe-west2/subnetworks/default",
              "https://www.googleapis.com/compute/v1/projects/lark-dog/regions/europe-west6/subnetworks/default",
              "https://www.googleapis.com/compute/v1/projects/lark-dog/regions/us-west4/subnetworks/default",
              "https://www.googleapis.com/compute/v1/projects/lark-dog/regions/europe-west4/subnetworks/default",
              "https://www.googleapis.com/compute/v1/projects/lark-dog/regions/europe-west3/subnetworks/default",
              "https://www.googleapis.com/compute/v1/projects/lark-dog/regions/us-south1/subnetworks/default",
              "https://www.googleapis.com/compute/v1/projects/lark-dog/regions/southamerica-east1/subnetworks/default",
              "https://www.googleapis.com/compute/v1/projects/lark-dog/regions/asia-southeast1/subnetworks/default",
              "https://www.googleapis.com/compute/v1/projects/lark-dog/regions/northamerica-northeast1/subnetworks/default",
              "https://www.googleapis.com/compute/v1/projects/lark-dog/regions/me-west1/subnetworks/default",
              "https://www.googleapis.com/compute/v1/projects/lark-dog/regions/asia-northeast2/subnetworks/default",
              "https://www.googleapis.com/compute/v1/projects/lark-dog/regions/asia-southeast2/subnetworks/default",
              "https://www.googleapis.com/compute/v1/projects/lark-dog/regions/asia-east2/subnetworks/default",
              "https://www.googleapis.com/compute/v1/projects/lark-dog/regions/europe-west8/subnetworks/default",
              "https://www.googleapis.com/compute/v1/projects/lark-dog/regions/us-east1/subnetworks/default"
            ]
          },
          "sensitive_attributes": []
        }
      ]
    },
    {
      "mode": "managed",
      "type": "google_artifact_registry_repository",
      "name": "docker",
      "provider": "provider[\"registry.terraform.io/hashicorp/google\"]",
      "instances": [
        {
          "schema_version": 0,
          "attributes": {
            "create_time": "2022-09-05T17:03:45.043278Z",
            "description": "",
            "format": "DOCKER",
            "id": "projects/lark-dog/locations/us-west1/repositories/docker",
            "kms_key_name": "",
            "labels": {},
            "location": "us-west1",
            "maven_config": [],
            "name": "docker",
            "project": "lark-dog",
            "repository_id": "docker",
            "timeouts": {
              "create": null,
              "delete": null,
              "update": null
            },
            "update_time": "2022-09-06T03:12:44.511720Z"
          },
          "sensitive_attributes": [],
          "private": "eyJlMmJmYjczMC1lY2FhLTExZTYtOGY4OC0zNDM2M2JjN2M0YzAiOnsiY3JlYXRlIjoxMjAwMDAwMDAwMDAwLCJkZWxldGUiOjEyMDAwMDAwMDAwMDAsInVwZGF0ZSI6MTIwMDAwMDAwMDAwMH0sInNjaGVtYV92ZXJzaW9uIjoiMCJ9"
        }
      ]
    },
    {
      "mode": "managed",
      "type": "google_compute_address",
      "name": "ipv4",
      "provider": "provider[\"registry.terraform.io/hashicorp/google\"]",
      "instances": [
        {
          "schema_version": 0,
          "attributes": {
            "address": "34.105.126.74",
            "address_type": "EXTERNAL",
            "creation_timestamp": "2022-09-05T13:13:19.922-07:00",
            "description": "",
            "id": "projects/lark-dog/regions/us-west1/addresses/lark-dog-ip",
            "name": "lark-dog-ip",
            "network": "",
            "network_tier": "PREMIUM",
            "prefix_length": 0,
            "project": "lark-dog",
            "purpose": "",
            "region": "us-west1",
            "self_link": "https://www.googleapis.com/compute/v1/projects/lark-dog/regions/us-west1/addresses/lark-dog-ip",
            "subnetwork": "",
            "timeouts": null,
            "users": [
              "https://www.googleapis.com/compute/v1/projects/lark-dog/zones/us-west1-b/instances/lark-dog"
            ]
          },
          "sensitive_attributes": [],
          "private": "eyJlMmJmYjczMC1lY2FhLTExZTYtOGY4OC0zNDM2M2JjN2M0YzAiOnsiY3JlYXRlIjoxMjAwMDAwMDAwMDAwLCJkZWxldGUiOjEyMDAwMDAwMDAwMDB9fQ=="
        }
      ]
    },
    {
      "mode": "managed",
      "type": "google_compute_disk",
      "name": "data",
      "provider": "provider[\"registry.terraform.io/hashicorp/google\"]",
      "instances": [
        {
          "schema_version": 0,
          "attributes": {
            "creation_timestamp": "2022-09-05T14:17:52.851-07:00",
            "description": "",
            "disk_encryption_key": [],
            "id": "projects/lark-dog/zones/us-west1-b/disks/data",
            "image": "",
            "label_fingerprint": "42WmSpB8rSM=",
            "labels": {},
            "last_attach_timestamp": "2022-09-05T14:53:46.724-07:00",
            "last_detach_timestamp": "2022-09-05T14:53:37.798-07:00",
            "name": "data",
            "physical_block_size_bytes": 4096,
            "project": "lark-dog",
            "provisioned_iops": 0,
            "self_link": "https://www.googleapis.com/compute/v1/projects/lark-dog/zones/us-west1-b/disks/data",
            "size": 10,
            "snapshot": "",
            "source_image_encryption_key": [],
            "source_image_id": "",
            "source_snapshot_encryption_key": [],
            "source_snapshot_id": "",
            "timeouts": null,
            "type": "pd-standard",
            "users": [
              "https://www.googleapis.com/compute/v1/projects/lark-dog/zones/us-west1-b/instances/lark-dog"
            ],
            "zone": "us-west1-b"
          },
          "sensitive_attributes": [],
          "private": "eyJlMmJmYjczMC1lY2FhLTExZTYtOGY4OC0zNDM2M2JjN2M0YzAiOnsiY3JlYXRlIjoxMjAwMDAwMDAwMDAwLCJkZWxldGUiOjEyMDAwMDAwMDAwMDAsInVwZGF0ZSI6MTIwMDAwMDAwMDAwMH19"
        }
      ]
    },
    {
      "mode": "managed",
      "type": "google_compute_firewall",
      "name": "allow_web",
      "provider": "provider[\"registry.terraform.io/hashicorp/google\"]",
      "instances": [
        {
          "schema_version": 1,
          "attributes": {
            "allow": [
              {
                "ports": [
                  "80",
                  "443"
                ],
                "protocol": "tcp"
              }
            ],
            "creation_timestamp": "2021-05-23T18:25:39.141-07:00",
            "deny": [],
            "description": "",
            "destination_ranges": [],
            "direction": "INGRESS",
            "disabled": false,
            "enable_logging": null,
            "id": "projects/lark-dog/global/firewalls/allow-web",
            "log_config": [],
            "name": "allow-web",
            "network": "https://www.googleapis.com/compute/v1/projects/lark-dog/global/networks/default",
            "priority": 1000,
            "project": "lark-dog",
            "self_link": "https://www.googleapis.com/compute/v1/projects/lark-dog/global/firewalls/allow-web",
            "source_ranges": [
              "0.0.0.0/0"
            ],
            "source_service_accounts": [],
            "source_tags": [],
            "target_service_accounts": [],
            "target_tags": [
              "allow-web"
            ],
            "timeouts": null
          },
          "sensitive_attributes": [],
          "private": "eyJlMmJmYjczMC1lY2FhLTExZTYtOGY4OC0zNDM2M2JjN2M0YzAiOnsiY3JlYXRlIjoyNDAwMDAwMDAwMDAsImRlbGV0ZSI6MjQwMDAwMDAwMDAwLCJ1cGRhdGUiOjI0MDAwMDAwMDAwMH0sInNjaGVtYV92ZXJzaW9uIjoiMSJ9",
          "dependencies": [
            "data.google_compute_network.default"
          ]
        }
      ]
    },
    {
      "mode": "managed",
      "type": "google_compute_instance",
      "name": "web_server",
      "provider": "provider[\"registry.terraform.io/hashicorp/google\"]",
      "instances": [
        {
          "schema_version": 6,
          "attributes": {
            "advanced_machine_features": [],
            "allow_stopping_for_update": null,
            "attached_disk": [
              {
                "device_name": "data",
                "disk_encryption_key_raw": "",
                "disk_encryption_key_sha256": "",
                "kms_key_self_link": "",
                "mode": "READ_WRITE",
                "source": "https://www.googleapis.com/compute/v1/projects/lark-dog/zones/us-west1-b/disks/data"
              }
            ],
            "boot_disk": [
              {
                "auto_delete": true,
                "device_name": "persistent-disk-0",
                "disk_encryption_key_raw": "",
                "disk_encryption_key_sha256": "",
                "initialize_params": [
                  {
                    "image": "https://www.googleapis.com/compute/v1/projects/ubuntu-os-cloud/global/images/ubuntu-minimal-2204-jammy-v20220902",
                    "labels": {},
                    "size": 10,
                    "type": "pd-balanced"
                  }
                ],
                "kms_key_self_link": "",
                "mode": "READ_WRITE",
                "source": "https://www.googleapis.com/compute/v1/projects/lark-dog/zones/us-west1-b/disks/lark-dog"
              }
            ],
            "can_ip_forward": false,
            "confidential_instance_config": [],
            "cpu_platform": "Intel Broadwell",
            "current_status": "RUNNING",
            "deletion_protection": false,
            "description": "",
            "desired_status": null,
            "enable_display": false,
            "guest_accelerator": [],
            "hostname": "",
            "id": "projects/lark-dog/zones/us-west1-b/instances/lark-dog",
            "instance_id": "4547200536519889157",
            "label_fingerprint": "42WmSpB8rSM=",
            "labels": {},
            "machine_type": "e2-micro",
            "metadata": {
              "user-data": "#cloud-config\n\n# add package keys for docker repo\napt:\n  sources:\n    docker.list:\n      source: deb [arch=amd64] https://download.docker.com/linux/ubuntu $RELEASE stable\n      keyid: 9DC858229FC7DD38854AE2D88D81803C0EBFCD88\n\n# upgrade packages\npackage_update: true\npackage_upgrade: true\n\n# install Docker and Docker Compose\npackages:\n - docker-ce\n - docker-ce-cli\n - docker-compose\n\n# create default user\nusers:\n  - name: ben\n    shell: /bin/bash\n\n# add swap\nswap:\n    filename: /swapfile\n    size: 1G\n    maxsize: 1G\n\n# commands to run only on first boot\nruncmd:\n - mkdir -p /home/ben/data /home/ben/lark-dog\n - chown ben:ben /home/ben/lark-dog\n - echo UUID=`sudo blkid -s UUID -o value /dev/disk/by-id/google-data` /home/ben/data ext4 discard,defaults,nofail 0 2 | sudo tee -a /etc/fstab\n - mount -a\n"
            },
            "metadata_fingerprint": "xQ1d4Fpb848=",
            "metadata_startup_script": null,
            "min_cpu_platform": "",
            "name": "lark-dog",
            "network_interface": [
              {
                "access_config": [
                  {
                    "nat_ip": "34.105.126.74",
                    "network_tier": "PREMIUM",
                    "public_ptr_domain_name": ""
                  }
                ],
                "alias_ip_range": [],
                "ipv6_access_config": [],
                "ipv6_access_type": "",
                "name": "nic0",
                "network": "https://www.googleapis.com/compute/v1/projects/lark-dog/global/networks/default",
                "network_ip": "10.138.0.8",
                "nic_type": "",
                "queue_count": 0,
                "stack_type": "IPV4_ONLY",
                "subnetwork": "https://www.googleapis.com/compute/v1/projects/lark-dog/regions/us-west1/subnetworks/default",
                "subnetwork_project": "lark-dog"
              }
            ],
            "project": "lark-dog",
            "reservation_affinity": [],
            "resource_policies": [
              "https://www.googleapis.com/compute/v1/projects/lark-dog/regions/us-west1/resourcePolicies/sleep-nightly"
            ],
            "scheduling": [
              {
                "automatic_restart": true,
                "instance_termination_action": "",
                "min_node_cpus": 0,
                "node_affinities": [],
                "on_host_maintenance": "MIGRATE",
                "preemptible": false,
                "provisioning_model": "STANDARD"
              }
            ],
            "scratch_disk": [],
            "self_link": "https://www.googleapis.com/compute/v1/projects/lark-dog/zones/us-west1-b/instances/lark-dog",
            "service_account": [
              {
                "email": "1080317470749-compute@developer.gserviceaccount.com",
                "scopes": [
                  "https://www.googleapis.com/auth/devstorage.read_only"
                ]
              }
            ],
            "shielded_instance_config": [
              {
                "enable_integrity_monitoring": true,
                "enable_secure_boot": false,
                "enable_vtpm": true
              }
            ],
            "tags": [
              "allow-web"
            ],
            "tags_fingerprint": "nYbQHqFxH8k=",
            "timeouts": null,
            "zone": "us-west1-b"
          },
          "sensitive_attributes": [],
          "private": "eyJlMmJmYjczMC1lY2FhLTExZTYtOGY4OC0zNDM2M2JjN2M0YzAiOnsiY3JlYXRlIjoxMjAwMDAwMDAwMDAwLCJkZWxldGUiOjEyMDAwMDAwMDAwMDAsInVwZGF0ZSI6MTIwMDAwMDAwMDAwMH0sInNjaGVtYV92ZXJzaW9uIjoiNiJ9",
          "dependencies": [
            "data.google_compute_image.boot_image",
            "data.google_compute_network.default",
            "google_compute_address.ipv4",
            "google_compute_disk.data",
            "google_compute_firewall.allow_web",
            "google_compute_resource_policy.sleep_nightly"
          ]
        }
      ]
    },
    {
      "mode": "managed",
      "type": "google_compute_resource_policy",
      "name": "sleep_nightly",
      "provider": "provider[\"registry.terraform.io/hashicorp/google\"]",
      "instances": [
        {
          "schema_version": 0,
          "attributes": {
            "description": "",
            "group_placement_policy": [],
            "id": "projects/lark-dog/regions/us-west1/resourcePolicies/sleep-nightly",
            "instance_schedule_policy": [
              {
                "expiration_time": "",
                "start_time": "",
                "time_zone": "America/Los_Angeles",
                "vm_start_schedule": [
                  {
                    "schedule": "0 8 * * *"
                  }
                ],
                "vm_stop_schedule": [
                  {
                    "schedule": "0 22 * * *"
                  }
                ]
              }
            ],
            "name": "sleep-nightly",
            "project": "lark-dog",
            "region": "https://www.googleapis.com/compute/v1/projects/lark-dog/regions/us-west1",
            "self_link": "https://www.googleapis.com/compute/v1/projects/lark-dog/regions/us-west1/resourcePolicies/sleep-nightly",
            "snapshot_schedule_policy": [],
            "timeouts": null
          },
          "sensitive_attributes": [],
          "private": "eyJlMmJmYjczMC1lY2FhLTExZTYtOGY4OC0zNDM2M2JjN2M0YzAiOnsiY3JlYXRlIjoyNDAwMDAwMDAwMDAsImRlbGV0ZSI6MjQwMDAwMDAwMDAwfX0="
        }
      ]
    },
    {
      "mode": "managed",
      "type": "namecheap_domain_records",
      "name": "lark-dog",
      "provider": "provider[\"registry.terraform.io/namecheap/namecheap\"]",
      "instances": [
        {
          "schema_version": 0,
          "attributes": {
            "domain": "lark.dog",
            "email_type": null,
            "id": "lark.dog",
            "mode": "OVERWRITE",
            "nameservers": null,
            "record": [
              {
                "address": "0 issue \"letsencrypt.org\"",
                "hostname": "@",
                "mx_pref": 10,
                "ttl": 1799,
                "type": "CAA"
              },
              {
                "address": "34.105.126.74",
                "hostname": "@",
                "mx_pref": 10,
                "ttl": 1799,
                "type": "A"
              }
            ]
          },
          "sensitive_attributes": [],
          "private": "bnVsbA==",
          "dependencies": [
            "google_compute_address.ipv4"
          ]
        }
      ]
    }
  ]
}
